
Microsoft Visual Studio Solution File, Format Version 10.00
# Visual Studio 2008
Project("{D183A3D8-5FD8-494B-B014-37F57B35E655}") = "20161Q_GR02", "20161Q_GR02\20161Q_GR02.dtproj", "{9B5419CA-5741-42C1-B3AD-C86EECDB65A6}"
EndProject
Global
	GlobalSection(SolutionConfigurationPlatforms) = preSolution
		Development|Default = Development|Default
	EndGlobalSection
	GlobalSection(ProjectConfigurationPlatforms) = postSolution
		{9B5419CA-5741-42C1-B3AD-C86EECDB65A6}.Development|Default.ActiveCfg = Development
		{9B5419CA-5741-42C1-B3AD-C86EECDB65A6}.Development|Default.Build.0 = Development
	EndGlobalSection
	GlobalSection(SolutionProperties) = preSolution
		HideSolutionNode = FALSE
	EndGlobalSection
EndGlobal
